
Microsoft Visual Studio Solution File, Format Version 12.00
# Visual Studio Version 17
VisualStudioVersion = 17.4.33205.214
MinimumVisualStudioVersion = 10.0.40219.1
Project("{FAE04EC0-301F-11D3-BF4B-00C04F79EFBC}") = "FantasyLeagueProject", "FantasyLeagueProject\FantasyLeagueProject.csproj", "{705766D6-B288-43EB-9102-7FB60B918809}"
EndProject
Global
	GlobalSection(SolutionConfigurationPlatforms) = preSolution
		Debug|Any CPU = Debug|Any CPU
		Release|Any CPU = Release|Any CPU
	EndGlobalSection
	GlobalSection(ProjectConfigurationPlatforms) = postSolution
		{705766D6-B288-43EB-9102-7FB60B918809}.Debug|Any CPU.ActiveCfg = Debug|Any CPU
		{705766D6-B288-43EB-9102-7FB60B918809}.Debug|Any CPU.Build.0 = Debug|Any CPU
		{705766D6-B288-43EB-9102-7FB60B918809}.Release|Any CPU.ActiveCfg = Release|Any CPU
		{705766D6-B288-43EB-9102-7FB60B918809}.Release|Any CPU.Build.0 = Release|Any CPU
	EndGlobalSection
	GlobalSection(SolutionProperties) = preSolution
		HideSolutionNode = FALSE
	EndGlobalSection
	GlobalSection(ExtensibilityGlobals) = postSolution
		SolutionGuid = {C759D2B6-DAA7-4BC0-AB83-DF4F5A803D5F}
	EndGlobalSection
EndGlobal
